
Microsoft Visual Studio Solution File, Format Version 12.00
# Visual Studio Version 17
VisualStudioVersion = 17.5.002.0
MinimumVisualStudioVersion = 10.0.40219.1
Project("{2150E333-8FDC-42A3-9474-1A3956D46DE8}") = "CsharpProjects", "CsharpProjects", "{1EDBC79E-81BA-44EB-923E-C6EE6EDA0573}"
EndProject
Project("{9A19103F-16F7-4668-BE54-9A1E7A4F7556}") = "TestProject", "CsharpProjects\TestProject\TestProject.csproj", "{8D0A548A-2C2D-4EE4-8AF3-F1B6CBE12966}"
EndProject
Global
	GlobalSection(SolutionConfigurationPlatforms) = preSolution
		Debug|Any CPU = Debug|Any CPU
		Release|Any CPU = Release|Any CPU
	EndGlobalSection
	GlobalSection(ProjectConfigurationPlatforms) = postSolution
		{8D0A548A-2C2D-4EE4-8AF3-F1B6CBE12966}.Debug|Any CPU.ActiveCfg = Debug|Any CPU
		{8D0A548A-2C2D-4EE4-8AF3-F1B6CBE12966}.Debug|Any CPU.Build.0 = Debug|Any CPU
		{8D0A548A-2C2D-4EE4-8AF3-F1B6CBE12966}.Release|Any CPU.ActiveCfg = Release|Any CPU
		{8D0A548A-2C2D-4EE4-8AF3-F1B6CBE12966}.Release|Any CPU.Build.0 = Release|Any CPU
	EndGlobalSection
	GlobalSection(SolutionProperties) = preSolution
		HideSolutionNode = FALSE
	EndGlobalSection
	GlobalSection(NestedProjects) = preSolution
		{8D0A548A-2C2D-4EE4-8AF3-F1B6CBE12966} = {1EDBC79E-81BA-44EB-923E-C6EE6EDA0573}
	EndGlobalSection
	GlobalSection(ExtensibilityGlobals) = postSolution
		SolutionGuid = {99DC784F-6AD8-41DD-8A4E-FB3837AA4FF6}
	EndGlobalSection
EndGlobal
