
Microsoft Visual Studio Solution File, Format Version 12.00
Project("{FAE04EC0-301F-11D3-BF4B-00C04F79EFBC}") = "ListExercise01", "ListExercise01\ListExercise01.csproj", "{5376862C-6FE5-451E-A3E5-A7D9BC946EB2}"
EndProject
Global
	GlobalSection(SolutionConfigurationPlatforms) = preSolution
		Debug|Any CPU = Debug|Any CPU
		Release|Any CPU = Release|Any CPU
	EndGlobalSection
	GlobalSection(ProjectConfigurationPlatforms) = postSolution
		{5376862C-6FE5-451E-A3E5-A7D9BC946EB2}.Debug|Any CPU.ActiveCfg = Debug|Any CPU
		{5376862C-6FE5-451E-A3E5-A7D9BC946EB2}.Debug|Any CPU.Build.0 = Debug|Any CPU
		{5376862C-6FE5-451E-A3E5-A7D9BC946EB2}.Release|Any CPU.ActiveCfg = Release|Any CPU
		{5376862C-6FE5-451E-A3E5-A7D9BC946EB2}.Release|Any CPU.Build.0 = Release|Any CPU
	EndGlobalSection
EndGlobal
