
Microsoft Visual Studio Solution File, Format Version 12.00
Project("{FAE04EC0-301F-11D3-BF4B-00C04F79EFBC}") = "SwitchCase", "SwitchCase\SwitchCase.csproj", "{5D59B62E-3633-4D05-B85F-CE6DC28F7C47}"
EndProject
Global
	GlobalSection(SolutionConfigurationPlatforms) = preSolution
		Debug|Any CPU = Debug|Any CPU
		Release|Any CPU = Release|Any CPU
	EndGlobalSection
	GlobalSection(ProjectConfigurationPlatforms) = postSolution
		{5D59B62E-3633-4D05-B85F-CE6DC28F7C47}.Debug|Any CPU.ActiveCfg = Debug|Any CPU
		{5D59B62E-3633-4D05-B85F-CE6DC28F7C47}.Debug|Any CPU.Build.0 = Debug|Any CPU
		{5D59B62E-3633-4D05-B85F-CE6DC28F7C47}.Release|Any CPU.ActiveCfg = Release|Any CPU
		{5D59B62E-3633-4D05-B85F-CE6DC28F7C47}.Release|Any CPU.Build.0 = Release|Any CPU
	EndGlobalSection
EndGlobal
