
Microsoft Visual Studio Solution File, Format Version 12.00
Project("{FAE04EC0-301F-11D3-BF4B-00C04F79EFBC}") = "Matriz01", "Matriz01\Matriz01.csproj", "{997C8C58-8765-4676-AC77-BCA2D95FA107}"
EndProject
Global
	GlobalSection(SolutionConfigurationPlatforms) = preSolution
		Debug|Any CPU = Debug|Any CPU
		Release|Any CPU = Release|Any CPU
	EndGlobalSection
	GlobalSection(ProjectConfigurationPlatforms) = postSolution
		{997C8C58-8765-4676-AC77-BCA2D95FA107}.Debug|Any CPU.ActiveCfg = Debug|Any CPU
		{997C8C58-8765-4676-AC77-BCA2D95FA107}.Debug|Any CPU.Build.0 = Debug|Any CPU
		{997C8C58-8765-4676-AC77-BCA2D95FA107}.Release|Any CPU.ActiveCfg = Release|Any CPU
		{997C8C58-8765-4676-AC77-BCA2D95FA107}.Release|Any CPU.Build.0 = Release|Any CPU
	EndGlobalSection
EndGlobal
